
Microsoft Visual Studio Solution File, Format Version 12.00
# Visual Studio Version 17
VisualStudioVersion = 17.4.33122.133
MinimumVisualStudioVersion = 10.0.40219.1
Project("{FAE04EC0-301F-11D3-BF4B-00C04F79EFBC}") = "Checkout.PaymentGateway.Api", "Checkout.PaymentGateway.Api\Checkout.PaymentGateway.Api.csproj", "{29548C20-6E98-4ACA-8AB1-98636B17E53D}"
EndProject
Project("{FAE04EC0-301F-11D3-BF4B-00C04F79EFBC}") = "Checkout.PaymentGateway.Tests.Unit", "Checkout.PaymentGateway.Tests.Unit\Checkout.PaymentGateway.Tests.Unit.csproj", "{D6872B12-1EB7-454A-9E05-3C0676D4C0EE}"
EndProject
Project("{FAE04EC0-301F-11D3-BF4B-00C04F79EFBC}") = "Checkout.PaymentGateway.DataAccess", "Checkout.PaymentGateway.DataAccess\Checkout.PaymentGateway.DataAccess.csproj", "{556169BB-2CC4-4FEA-BC5A-280E77DEC741}"
EndProject
Global
	GlobalSection(SolutionConfigurationPlatforms) = preSolution
		Debug|Any CPU = Debug|Any CPU
		Release|Any CPU = Release|Any CPU
	EndGlobalSection
	GlobalSection(ProjectConfigurationPlatforms) = postSolution
		{29548C20-6E98-4ACA-8AB1-98636B17E53D}.Debug|Any CPU.ActiveCfg = Debug|Any CPU
		{29548C20-6E98-4ACA-8AB1-98636B17E53D}.Debug|Any CPU.Build.0 = Debug|Any CPU
		{29548C20-6E98-4ACA-8AB1-98636B17E53D}.Release|Any CPU.ActiveCfg = Release|Any CPU
		{29548C20-6E98-4ACA-8AB1-98636B17E53D}.Release|Any CPU.Build.0 = Release|Any CPU
		{D6872B12-1EB7-454A-9E05-3C0676D4C0EE}.Debug|Any CPU.ActiveCfg = Debug|Any CPU
		{D6872B12-1EB7-454A-9E05-3C0676D4C0EE}.Debug|Any CPU.Build.0 = Debug|Any CPU
		{D6872B12-1EB7-454A-9E05-3C0676D4C0EE}.Release|Any CPU.ActiveCfg = Release|Any CPU
		{D6872B12-1EB7-454A-9E05-3C0676D4C0EE}.Release|Any CPU.Build.0 = Release|Any CPU
		{556169BB-2CC4-4FEA-BC5A-280E77DEC741}.Debug|Any CPU.ActiveCfg = Debug|Any CPU
		{556169BB-2CC4-4FEA-BC5A-280E77DEC741}.Debug|Any CPU.Build.0 = Debug|Any CPU
		{556169BB-2CC4-4FEA-BC5A-280E77DEC741}.Release|Any CPU.ActiveCfg = Release|Any CPU
		{556169BB-2CC4-4FEA-BC5A-280E77DEC741}.Release|Any CPU.Build.0 = Release|Any CPU
	EndGlobalSection
	GlobalSection(SolutionProperties) = preSolution
		HideSolutionNode = FALSE
	EndGlobalSection
	GlobalSection(ExtensibilityGlobals) = postSolution
		SolutionGuid = {6843BF83-DA8C-4475-A7AD-81AD7A5E1472}
	EndGlobalSection
EndGlobal
