
Microsoft Visual Studio Solution File, Format Version 12.00
# Visual Studio Version 17
VisualStudioVersion = 17.4.33122.133
MinimumVisualStudioVersion = 10.0.40219.1
Project("{9A19103F-16F7-4668-BE54-9A1E7A4F7556}") = "Checkout.PaymentGateway.Api", "Checkout.PaymentGateway.Api\Checkout.PaymentGateway.Api.csproj", "{29548C20-6E98-4ACA-8AB1-98636B17E53D}"
EndProject
Project("{9A19103F-16F7-4668-BE54-9A1E7A4F7556}") = "Checkout.PaymentGateway.DataAccess", "Checkout.PaymentGateway.DataAccess\Checkout.PaymentGateway.DataAccess.csproj", "{556169BB-2CC4-4FEA-BC5A-280E77DEC741}"
EndProject
Project("{9A19103F-16F7-4668-BE54-9A1E7A4F7556}") = "Checkout.PaymentGateway.AcquiringBankSimulator", "Checkout.PaymentGateway.AcquiringBankSimulator\Checkout.PaymentGateway.AcquiringBankSimulator.csproj", "{8FE248EA-F25A-456C-A8E3-9DC8FAD91AE8}"
EndProject
Project("{9A19103F-16F7-4668-BE54-9A1E7A4F7556}") = "Checkout.PaymentGateway.Api.Tests.Unit", "Checkout.PaymentGateway.Api.Tests.Unit\Checkout.PaymentGateway.Api.Tests.Unit.csproj", "{6599EA5A-BC77-43AB-A739-B0114DA4DB60}"
EndProject
Project("{9A19103F-16F7-4668-BE54-9A1E7A4F7556}") = "Checkout.PaymentGateway.AcquiringBankSimulator.Tests.Unit", "Checkout.PaymentGateway.AcquiringBankSimulator.Tests.Unit\Checkout.PaymentGateway.AcquiringBankSimulator.Tests.Unit.csproj", "{255A7D1C-D7CC-4709-8017-130F8A763FF2}"
EndProject
Global
	GlobalSection(SolutionConfigurationPlatforms) = preSolution
		Debug|Any CPU = Debug|Any CPU
		Release|Any CPU = Release|Any CPU
	EndGlobalSection
	GlobalSection(ProjectConfigurationPlatforms) = postSolution
		{29548C20-6E98-4ACA-8AB1-98636B17E53D}.Debug|Any CPU.ActiveCfg = Debug|Any CPU
		{29548C20-6E98-4ACA-8AB1-98636B17E53D}.Debug|Any CPU.Build.0 = Debug|Any CPU
		{29548C20-6E98-4ACA-8AB1-98636B17E53D}.Release|Any CPU.ActiveCfg = Release|Any CPU
		{29548C20-6E98-4ACA-8AB1-98636B17E53D}.Release|Any CPU.Build.0 = Release|Any CPU
		{556169BB-2CC4-4FEA-BC5A-280E77DEC741}.Debug|Any CPU.ActiveCfg = Debug|Any CPU
		{556169BB-2CC4-4FEA-BC5A-280E77DEC741}.Debug|Any CPU.Build.0 = Debug|Any CPU
		{556169BB-2CC4-4FEA-BC5A-280E77DEC741}.Release|Any CPU.ActiveCfg = Release|Any CPU
		{556169BB-2CC4-4FEA-BC5A-280E77DEC741}.Release|Any CPU.Build.0 = Release|Any CPU
		{8FE248EA-F25A-456C-A8E3-9DC8FAD91AE8}.Debug|Any CPU.ActiveCfg = Debug|Any CPU
		{8FE248EA-F25A-456C-A8E3-9DC8FAD91AE8}.Debug|Any CPU.Build.0 = Debug|Any CPU
		{8FE248EA-F25A-456C-A8E3-9DC8FAD91AE8}.Release|Any CPU.ActiveCfg = Release|Any CPU
		{8FE248EA-F25A-456C-A8E3-9DC8FAD91AE8}.Release|Any CPU.Build.0 = Release|Any CPU
		{6599EA5A-BC77-43AB-A739-B0114DA4DB60}.Debug|Any CPU.ActiveCfg = Debug|Any CPU
		{6599EA5A-BC77-43AB-A739-B0114DA4DB60}.Debug|Any CPU.Build.0 = Debug|Any CPU
		{6599EA5A-BC77-43AB-A739-B0114DA4DB60}.Release|Any CPU.ActiveCfg = Release|Any CPU
		{6599EA5A-BC77-43AB-A739-B0114DA4DB60}.Release|Any CPU.Build.0 = Release|Any CPU
		{255A7D1C-D7CC-4709-8017-130F8A763FF2}.Debug|Any CPU.ActiveCfg = Debug|Any CPU
		{255A7D1C-D7CC-4709-8017-130F8A763FF2}.Debug|Any CPU.Build.0 = Debug|Any CPU
		{255A7D1C-D7CC-4709-8017-130F8A763FF2}.Release|Any CPU.ActiveCfg = Release|Any CPU
		{255A7D1C-D7CC-4709-8017-130F8A763FF2}.Release|Any CPU.Build.0 = Release|Any CPU
	EndGlobalSection
	GlobalSection(SolutionProperties) = preSolution
		HideSolutionNode = FALSE
	EndGlobalSection
	GlobalSection(ExtensibilityGlobals) = postSolution
		SolutionGuid = {6843BF83-DA8C-4475-A7AD-81AD7A5E1472}
	EndGlobalSection
EndGlobal
